
Microsoft Visual Studio Solution File, Format Version 12.00
# Visual Studio 15
VisualStudioVersion = 15.0.27703.2047
MinimumVisualStudioVersion = 10.0.40219.1
Project("{FAE04EC0-301F-11D3-BF4B-00C04F79EFBC}") = "OKI_Editor", "OKI_Editor\OKI_Editor.csproj", "{7056EEBF-EDA3-46B7-9D8F-CE7E8E3B0EC7}"
EndProject
Global
	GlobalSection(SolutionConfigurationPlatforms) = preSolution
		Debug|Any CPU = Debug|Any CPU
		Release|Any CPU = Release|Any CPU
	EndGlobalSection
	GlobalSection(ProjectConfigurationPlatforms) = postSolution
		{7056EEBF-EDA3-46B7-9D8F-CE7E8E3B0EC7}.Debug|Any CPU.ActiveCfg = Debug|Any CPU
		{7056EEBF-EDA3-46B7-9D8F-CE7E8E3B0EC7}.Debug|Any CPU.Build.0 = Debug|Any CPU
		{7056EEBF-EDA3-46B7-9D8F-CE7E8E3B0EC7}.Release|Any CPU.ActiveCfg = Release|Any CPU
		{7056EEBF-EDA3-46B7-9D8F-CE7E8E3B0EC7}.Release|Any CPU.Build.0 = Release|Any CPU
	EndGlobalSection
	GlobalSection(SolutionProperties) = preSolution
		HideSolutionNode = FALSE
	EndGlobalSection
	GlobalSection(ExtensibilityGlobals) = postSolution
		SolutionGuid = {3386D884-860D-4113-BCB9-68735AD4717C}
	EndGlobalSection
EndGlobal
